
Microsoft Visual Studio Solution File, Format Version 12.00
# Visual Studio 15
VisualStudioVersion = 15.0.28307.1000
MinimumVisualStudioVersion = 10.0.40219.1
Project("{FAE04EC0-301F-11D3-BF4B-00C04F79EFBC}") = "ShopPhone", "ShopPhone\ShopPhone.csproj", "{EECEFC1E-5DEB-489C-A114-6845EE483CDE}"
EndProject
Global
	GlobalSection(SolutionConfigurationPlatforms) = preSolution
		Debug|Any CPU = Debug|Any CPU
		Release|Any CPU = Release|Any CPU
	EndGlobalSection
	GlobalSection(ProjectConfigurationPlatforms) = postSolution
		{EECEFC1E-5DEB-489C-A114-6845EE483CDE}.Debug|Any CPU.ActiveCfg = Debug|Any CPU
		{EECEFC1E-5DEB-489C-A114-6845EE483CDE}.Debug|Any CPU.Build.0 = Debug|Any CPU
		{EECEFC1E-5DEB-489C-A114-6845EE483CDE}.Release|Any CPU.ActiveCfg = Release|Any CPU
		{EECEFC1E-5DEB-489C-A114-6845EE483CDE}.Release|Any CPU.Build.0 = Release|Any CPU
	EndGlobalSection
	GlobalSection(SolutionProperties) = preSolution
		HideSolutionNode = FALSE
	EndGlobalSection
	GlobalSection(ExtensibilityGlobals) = postSolution
		SolutionGuid = {2C2DC20E-3766-4E27-8E69-8B1B6DE28BFD}
	EndGlobalSection
EndGlobal
